
Microsoft Visual Studio Solution File, Format Version 12.00
# Visual Studio Version 16
VisualStudioVersion = 16.0.31205.134
MinimumVisualStudioVersion = 10.0.40219.1
Project("{803FD0C6-D64E-4E16-9DC3-1DAEC859A3D2}") = "WifiScale", "WifiScale.vgdbproj", "{84237F74-3FF5-4C70-9C0E-5644FE1678DC}"
EndProject
Global
	GlobalSection(SolutionConfigurationPlatforms) = preSolution
		Debug|VisualGDB = Debug|VisualGDB
		Release|VisualGDB = Release|VisualGDB
	EndGlobalSection
	GlobalSection(ProjectConfigurationPlatforms) = postSolution
		{84237F74-3FF5-4C70-9C0E-5644FE1678DC}.Debug|VisualGDB.ActiveCfg = Debug|VisualGDB
		{84237F74-3FF5-4C70-9C0E-5644FE1678DC}.Debug|VisualGDB.Build.0 = Debug|VisualGDB
		{84237F74-3FF5-4C70-9C0E-5644FE1678DC}.Release|VisualGDB.ActiveCfg = Release|VisualGDB
		{84237F74-3FF5-4C70-9C0E-5644FE1678DC}.Release|VisualGDB.Build.0 = Release|VisualGDB
	EndGlobalSection
	GlobalSection(SolutionProperties) = preSolution
		HideSolutionNode = FALSE
	EndGlobalSection
	GlobalSection(ExtensibilityGlobals) = postSolution
		SolutionGuid = {34D0CD4D-E707-4F44-B76B-F8F1A1D516D0}
	EndGlobalSection
EndGlobal
