
Microsoft Visual Studio Solution File, Format Version 12.00
# Visual Studio Version 16
VisualStudioVersion = 16.0.30204.135
MinimumVisualStudioVersion = 10.0.40219.1
Project("{FAE04EC0-301F-11D3-BF4B-00C04F79EFBC}") = "WifiScaleViewer", "WifiScaleViewer\WifiScaleViewer.csproj", "{8C5DB78D-5E30-4EAD-8517-1EA37CF55742}"
EndProject
Global
	GlobalSection(SolutionConfigurationPlatforms) = preSolution
		Debug|Any CPU = Debug|Any CPU
		Release|Any CPU = Release|Any CPU
	EndGlobalSection
	GlobalSection(ProjectConfigurationPlatforms) = postSolution
		{8C5DB78D-5E30-4EAD-8517-1EA37CF55742}.Debug|Any CPU.ActiveCfg = Debug|Any CPU
		{8C5DB78D-5E30-4EAD-8517-1EA37CF55742}.Debug|Any CPU.Build.0 = Debug|Any CPU
		{8C5DB78D-5E30-4EAD-8517-1EA37CF55742}.Release|Any CPU.ActiveCfg = Release|Any CPU
		{8C5DB78D-5E30-4EAD-8517-1EA37CF55742}.Release|Any CPU.Build.0 = Release|Any CPU
	EndGlobalSection
	GlobalSection(SolutionProperties) = preSolution
		HideSolutionNode = FALSE
	EndGlobalSection
	GlobalSection(ExtensibilityGlobals) = postSolution
		SolutionGuid = {E04AD31C-7C12-4BE0-B213-975FB12263BC}
	EndGlobalSection
EndGlobal
