
Microsoft Visual Studio Solution File, Format Version 12.00
# Visual Studio Version 17
VisualStudioVersion = 17.0.32112.339
MinimumVisualStudioVersion = 10.0.40219.1
Project("{FAE04EC0-301F-11D3-BF4B-00C04F79EFBC}") = "ScaleApi", "ScaleApi\ScaleApi.csproj", "{9CFC3493-768C-431F-B1A5-55006CE23D4D}"
EndProject
Global
	GlobalSection(SolutionConfigurationPlatforms) = preSolution
		Debug|Any CPU = Debug|Any CPU
		Release|Any CPU = Release|Any CPU
	EndGlobalSection
	GlobalSection(ProjectConfigurationPlatforms) = postSolution
		{9CFC3493-768C-431F-B1A5-55006CE23D4D}.Debug|Any CPU.ActiveCfg = Debug|Any CPU
		{9CFC3493-768C-431F-B1A5-55006CE23D4D}.Debug|Any CPU.Build.0 = Debug|Any CPU
		{9CFC3493-768C-431F-B1A5-55006CE23D4D}.Release|Any CPU.ActiveCfg = Release|Any CPU
		{9CFC3493-768C-431F-B1A5-55006CE23D4D}.Release|Any CPU.Build.0 = Release|Any CPU
	EndGlobalSection
	GlobalSection(SolutionProperties) = preSolution
		HideSolutionNode = FALSE
	EndGlobalSection
	GlobalSection(ExtensibilityGlobals) = postSolution
		SolutionGuid = {97B92EC1-A28F-4932-B039-D1E37BC2DCFD}
	EndGlobalSection
EndGlobal
